
Microsoft Visual Studio Solution File, Format Version 12.00
# Visual Studio Version 16
VisualStudioVersion = 16.0.29920.165
MinimumVisualStudioVersion = 10.0.40219.1
Project("{9A19103F-16F7-4668-BE54-9A1E7A4F7556}") = "knockout", "knockout.csproj", "{C39F76EB-BBC9-4CC3-8BEE-A316F3CF905C}"
EndProject
Global
	GlobalSection(SolutionConfigurationPlatforms) = preSolution
		Debug|Any CPU = Debug|Any CPU
		Release|Any CPU = Release|Any CPU
	EndGlobalSection
	GlobalSection(ProjectConfigurationPlatforms) = postSolution
		{C39F76EB-BBC9-4CC3-8BEE-A316F3CF905C}.Debug|Any CPU.ActiveCfg = Debug|Any CPU
		{C39F76EB-BBC9-4CC3-8BEE-A316F3CF905C}.Debug|Any CPU.Build.0 = Debug|Any CPU
		{C39F76EB-BBC9-4CC3-8BEE-A316F3CF905C}.Release|Any CPU.ActiveCfg = Release|Any CPU
		{C39F76EB-BBC9-4CC3-8BEE-A316F3CF905C}.Release|Any CPU.Build.0 = Release|Any CPU
	EndGlobalSection
	GlobalSection(SolutionProperties) = preSolution
		HideSolutionNode = FALSE
	EndGlobalSection
	GlobalSection(ExtensibilityGlobals) = postSolution
		SolutionGuid = {E53C3C65-CB1B-4B39-BE95-F6062B8CBEF6}
	EndGlobalSection
EndGlobal
